// !$*UTF8*$!
{
	archiveVersion = 1;
	classes = {
	};
	objectVersion = 77;
	objects = {

/* Begin PBXBuildFile section */
		537F97AF2E557B710059A38C /* FirebaseAuth in Frameworks */ = {isa = PBXBuildFile; productRef = 537F97AE2E557B710059A38C /* FirebaseAuth */; };
		537F97B12E557B770059A38C /* FirebaseAnalyticsCore in Frameworks */ = {isa = PBXBuildFile; productRef = 537F97B02E557B770059A38C /* FirebaseAnalyticsCore */; };
		537F97B32E557B7D0059A38C /* FirebaseDatabase in Frameworks */ = {isa = PBXBuildFile; productRef = 537F97B22E557B7D0059A38C /* FirebaseDatabase */; };
		537F97B52E557B820059A38C /* FirebaseFirestore in Frameworks */ = {isa = PBXBuildFile; productRef = 537F97B42E557B820059A38C /* FirebaseFirestore */; };
		537F97B72E557B8E0059A38C /* FirebaseStorage in Frameworks */ = {isa = PBXBuildFile; productRef = 537F97B62E557B8E0059A38C /* FirebaseStorage */; };
		537F98462E55AB7F0059A38C /* FirebaseAnalytics in Frameworks */ = {isa = PBXBuildFile; productRef = 537F98452E55AB7F0059A38C /* FirebaseAnalytics */; };
		537F98482E55AB980059A38C /* FirebaseAI in Frameworks */ = {isa = PBXBuildFile; productRef = 537F98472E55AB980059A38C /* FirebaseAI */; };
		537F984A2E55ABA80059A38C /* FirebaseAppCheck in Frameworks */ = {isa = PBXBuildFile; productRef = 537F98492E55ABA80059A38C /* FirebaseAppCheck */; };
		A622AD992E62E6CA001A2798 /* CafeModel.xcdatamodeld in Resources */ = {isa = PBXBuildFile; fileRef = A622AD982E62E6CA001A2798 /* CafeModel.xcdatamodeld */; };
/* End PBXBuildFile section */

/* Begin PBXContainerItemProxy section */
		53C079092E52DDCF00A1B763 /* PBXContainerItemProxy */ = {
			isa = PBXContainerItemProxy;
			containerPortal = 53C078F32E52DDCE00A1B763 /* Project object */;
			proxyType = 1;
			remoteGlobalIDString = 53C078FA2E52DDCE00A1B763;
			remoteInfo = quietdelightcafe;
		};
		53C079132E52DDCF00A1B763 /* PBXContainerItemProxy */ = {
			isa = PBXContainerItemProxy;
			containerPortal = 53C078F32E52DDCE00A1B763 /* Project object */;
			proxyType = 1;
			remoteGlobalIDString = 53C078FA2E52DDCE00A1B763;
			remoteInfo = quietdelightcafe;
		};
/* End PBXContainerItemProxy section */

/* Begin PBXFileReference section */
		53C078FB2E52DDCE00A1B763 /* quietdelight.app */ = {isa = PBXFileReference; explicitFileType = wrapper.application; includeInIndex = 0; path = quietdelight.app; sourceTree = BUILT_PRODUCTS_DIR; };
		53C079082E52DDCF00A1B763 /* quietdelightTests.xctest */ = {isa = PBXFileReference; explicitFileType = wrapper.cfbundle; includeInIndex = 0; path = quietdelightTests.xctest; sourceTree = BUILT_PRODUCTS_DIR; };
		53C079122E52DDCF00A1B763 /* quietdelightUITests.xctest */ = {isa = PBXFileReference; explicitFileType = wrapper.cfbundle; includeInIndex = 0; path = quietdelightUITests.xctest; sourceTree = BUILT_PRODUCTS_DIR; };
		A622AD972E62E6CA001A2798 /* CafeModel.xcdatamodel */ = {isa = PBXFileReference; lastKnownFileType = wrapper.xcdatamodel; path = CafeModel.xcdatamodel; sourceTree = "<group>"; };
/* End PBXFileReference section */

/* Begin PBXFileSystemSynchronizedRootGroup section */
		53C078FD2E52DDCE00A1B763 /* quietdelight */ = {
			isa = PBXFileSystemSynchronizedRootGroup;
			path = quietdelight;
			sourceTree = "<group>";
		};
		53C0790B2E52DDCF00A1B763 /* quietdelightTests */ = {
			isa = PBXFileSystemSynchronizedRootGroup;
			path = quietdelightTests;
			sourceTree = "<group>";
		};
		53C079152E52DDCF00A1B763 /* quietdelightUITests */ = {
			isa = PBXFileSystemSynchronizedRootGroup;
			path = quietdelightUITests;
			sourceTree = "<group>";
		};
/* End PBXFileSystemSynchronizedRootGroup section */

/* Begin PBXFrameworksBuildPhase section */
		53C078F82E52DDCE00A1B763 /* Frameworks */ = {
			isa = PBXFrameworksBuildPhase;
			buildActionMask = 2147483647;
			files = (
				537F984A2E55ABA80059A38C /* FirebaseAppCheck in Frameworks */,
				537F98482E55AB980059A38C /* FirebaseAI in Frameworks */,
				537F97B32E557B7D0059A38C /* FirebaseDatabase in Frameworks */,
				537F97B52E557B820059A38C /* FirebaseFirestore in Frameworks */,
				537F98462E55AB7F0059A38C /* FirebaseAnalytics in Frameworks */,
				537F97AF2E557B710059A38C /* FirebaseAuth in Frameworks */,
				537F97B72E557B8E0059A38C /* FirebaseStorage in Frameworks */,
				537F97B12E557B770059A38C /* FirebaseAnalyticsCore in Frameworks */,
			);
			runOnlyForDeploymentPostprocessing = 0;
		};
		53C079052E52DDCF00A1B763 /* Frameworks */ = {
			isa = PBXFrameworksBuildPhase;
			buildActionMask = 2147483647;
			files = (
			);
			runOnlyForDeploymentPostprocessing = 0;
		};
		53C0790F2E52DDCF00A1B763 /* Frameworks */ = {
			isa = PBXFrameworksBuildPhase;
			buildActionMask = 2147483647;
			files = (
			);
			runOnlyForDeploymentPostprocessing = 0;
		};
/* End PBXFrameworksBuildPhase section */

/* Begin PBXGroup section */
		537F97AD2E557B710059A38C /* Frameworks */ = {
			isa = PBXGroup;
			children = (
			);
			name = Frameworks;
			sourceTree = "<group>";
		};
		53C078F22E52DDCE00A1B763 = {
			isa = PBXGroup;
			children = (
				A622AD982E62E6CA001A2798 /* CafeModel.xcdatamodeld */,
				53C078FD2E52DDCE00A1B763 /* quietdelight */,
				53C0790B2E52DDCF00A1B763 /* quietdelightTests */,
				53C079152E52DDCF00A1B763 /* quietdelightUITests */,
				537F97AD2E557B710059A38C /* Frameworks */,
				53C078FC2E52DDCE00A1B763 /* Products */,
			);
			sourceTree = "<group>";
		};
		53C078FC2E52DDCE00A1B763 /* Products */ = {
			isa = PBXGroup;
			children = (
				53C078FB2E52DDCE00A1B763 /* quietdelight.app */,
				53C079082E52DDCF00A1B763 /* quietdelightTests.xctest */,
				53C079122E52DDCF00A1B763 /* quietdelightUITests.xctest */,
			);
			name = Products;
			sourceTree = "<group>";
		};
/* End PBXGroup section */

/* Begin PBXNativeTarget section */
		53C078FA2E52DDCE00A1B763 /* quietdelight */ = {
			isa = PBXNativeTarget;
			buildConfigurationList = 53C0791C2E52DDCF00A1B763 /* Build configuration list for PBXNativeTarget "quietdelight" */;
			buildPhases = (
				53C078F72E52DDCE00A1B763 /* Sources */,
				53C078F82E52DDCE00A1B763 /* Frameworks */,
				53C078F92E52DDCE00A1B763 /* Resources */,
			);
			buildRules = (
			);
			dependencies = (
			);
			fileSystemSynchronizedGroups = (
				53C078FD2E52DDCE00A1B763 /* quietdelight */,
			);
			name = quietdelight;
			packageProductDependencies = (
				537F97AE2E557B710059A38C /* FirebaseAuth */,
				537F97B02E557B770059A38C /* FirebaseAnalyticsCore */,
				537F97B22E557B7D0059A38C /* FirebaseDatabase */,
				537F97B42E557B820059A38C /* FirebaseFirestore */,
				537F97B62E557B8E0059A38C /* FirebaseStorage */,
				537F98452E55AB7F0059A38C /* FirebaseAnalytics */,
				537F98472E55AB980059A38C /* FirebaseAI */,
				537F98492E55ABA80059A38C /* FirebaseAppCheck */,
			);
			productName = quietdelightcafe;
			productReference = 53C078FB2E52DDCE00A1B763 /* quietdelight.app */;
			productType = "com.apple.product-type.application";
		};
		53C079072E52DDCF00A1B763 /* quietdelightTests */ = {
			isa = PBXNativeTarget;
			buildConfigurationList = 53C0791F2E52DDCF00A1B763 /* Build configuration list for PBXNativeTarget "quietdelightTests" */;
			buildPhases = (
				53C079042E52DDCF00A1B763 /* Sources */,
				53C079052E52DDCF00A1B763 /* Frameworks */,
				53C079062E52DDCF00A1B763 /* Resources */,
			);
			buildRules = (
			);
			dependencies = (
				53C0790A2E52DDCF00A1B763 /* PBXTargetDependency */,
			);
			fileSystemSynchronizedGroups = (
				53C0790B2E52DDCF00A1B763 /* quietdelightTests */,
			);
			name = quietdelightTests;
			packageProductDependencies = (
			);
			productName = quietdelightcafeTests;
			productReference = 53C079082E52DDCF00A1B763 /* quietdelightTests.xctest */;
			productType = "com.apple.product-type.bundle.unit-test";
		};
		53C079112E52DDCF00A1B763 /* quietdelightUITests */ = {
			isa = PBXNativeTarget;
			buildConfigurationList = 53C079222E52DDCF00A1B763 /* Build configuration list for PBXNativeTarget "quietdelightUITests" */;
			buildPhases = (
				53C0790E2E52DDCF00A1B763 /* Sources */,
				53C0790F2E52DDCF00A1B763 /* Frameworks */,
				53C079102E52DDCF00A1B763 /* Resources */,
			);
			buildRules = (
			);
			dependencies = (
				53C079142E52DDCF00A1B763 /* PBXTargetDependency */,
			);
			fileSystemSynchronizedGroups = (
				53C079152E52DDCF00A1B763 /* quietdelightUITests */,
			);
			name = quietdelightUITests;
			packageProductDependencies = (
			);
			productName = quietdelightcafeUITests;
			productReference = 53C079122E52DDCF00A1B763 /* quietdelightUITests.xctest */;
			productType = "com.apple.product-type.bundle.ui-testing";
		};
/* End PBXNativeTarget section */

/* Begin PBXProject section */
		53C078F32E52DDCE00A1B763 /* Project object */ = {
			isa = PBXProject;
			attributes = {
				BuildIndependentTargetsInParallel = 1;
				LastSwiftUpdateCheck = 1630;
				LastUpgradeCheck = 1630;
				TargetAttributes = {
					53C078FA2E52DDCE00A1B763 = {
						CreatedOnToolsVersion = 16.3;
					};
					53C079072E52DDCF00A1B763 = {
						CreatedOnToolsVersion = 16.3;
						TestTargetID = 53C078FA2E52DDCE00A1B763;
					};
					53C079112E52DDCF00A1B763 = {
						CreatedOnToolsVersion = 16.3;
						TestTargetID = 53C078FA2E52DDCE00A1B763;
					};
				};
			};
			buildConfigurationList = 53C078F62E52DDCE00A1B763 /* Build configuration list for PBXProject "quietdelight" */;
			developmentRegion = en;
			hasScannedForEncodings = 0;
			knownRegions = (
				en,
				Base,
			);
			mainGroup = 53C078F22E52DDCE00A1B763;
			minimizedProjectReferenceProxies = 1;
			packageReferences = (
				53964F362E547827005A2EC4 /* XCRemoteSwiftPackageReference "firebase-ios-sdk" */,
			);
			preferredProjectObjectVersion = 77;
			productRefGroup = 53C078FC2E52DDCE00A1B763 /* Products */;
			projectDirPath = "";
			projectRoot = "";
			targets = (
				53C078FA2E52DDCE00A1B763 /* quietdelight */,
				53C079072E52DDCF00A1B763 /* quietdelightTests */,
				53C079112E52DDCF00A1B763 /* quietdelightUITests */,
			);
		};
/* End PBXProject section */

/* Begin PBXResourcesBuildPhase section */
		53C078F92E52DDCE00A1B763 /* Resources */ = {
			isa = PBXResourcesBuildPhase;
			buildActionMask = 2147483647;
			files = (
				A622AD992E62E6CA001A2798 /* CafeModel.xcdatamodeld in Resources */,
			);
			runOnlyForDeploymentPostprocessing = 0;
		};
		53C079062E52DDCF00A1B763 /* Resources */ = {
			isa = PBXResourcesBuildPhase;
			buildActionMask = 2147483647;
			files = (
			);
			runOnlyForDeploymentPostprocessing = 0;
		};
		53C079102E52DDCF00A1B763 /* Resources */ = {
			isa = PBXResourcesBuildPhase;
			buildActionMask = 2147483647;
			files = (
			);
			runOnlyForDeploymentPostprocessing = 0;
		};
/* End PBXResourcesBuildPhase section */

/* Begin PBXSourcesBuildPhase section */
		53C078F72E52DDCE00A1B763 /* Sources */ = {
			isa = PBXSourcesBuildPhase;
			buildActionMask = 2147483647;
			files = (
			);
			runOnlyForDeploymentPostprocessing = 0;
		};
		53C079042E52DDCF00A1B763 /* Sources */ = {
			isa = PBXSourcesBuildPhase;
			buildActionMask = 2147483647;
			files = (
			);
			runOnlyForDeploymentPostprocessing = 0;
		};
		53C0790E2E52DDCF00A1B763 /* Sources */ = {
			isa = PBXSourcesBuildPhase;
			buildActionMask = 2147483647;
			files = (
			);
			runOnlyForDeploymentPostprocessing = 0;
		};
/* End PBXSourcesBuildPhase section */

/* Begin PBXTargetDependency section */
		53C0790A2E52DDCF00A1B763 /* PBXTargetDependency */ = {
			isa = PBXTargetDependency;
			target = 53C078FA2E52DDCE00A1B763 /* quietdelight */;
			targetProxy = 53C079092E52DDCF00A1B763 /* PBXContainerItemProxy */;
		};
		53C079142E52DDCF00A1B763 /* PBXTargetDependency */ = {
			isa = PBXTargetDependency;
			target = 53C078FA2E52DDCE00A1B763 /* quietdelight */;
			targetProxy = 53C079132E52DDCF00A1B763 /* PBXContainerItemProxy */;
		};
/* End PBXTargetDependency section */

/* Begin XCBuildConfiguration section */
		53C0791A2E52DDCF00A1B763 /* Debug */ = {
			isa = XCBuildConfiguration;
			buildSettings = {
				ALWAYS_SEARCH_USER_PATHS = NO;
				ASSETCATALOG_COMPILER_GENERATE_SWIFT_ASSET_SYMBOL_EXTENSIONS = YES;
				CLANG_ANALYZER_NONNULL = YES;
				CLANG_ANALYZER_NUMBER_OBJECT_CONVERSION = YES_AGGRESSIVE;
				CLANG_CXX_LANGUAGE_STANDARD = "gnu++20";
				CLANG_ENABLE_MODULES = YES;
				CLANG_ENABLE_OBJC_ARC = YES;
				CLANG_ENABLE_OBJC_WEAK = YES;
				CLANG_WARN_BLOCK_CAPTURE_AUTORELEASING = YES;
				CLANG_WARN_BOOL_CONVERSION = YES;
				CLANG_WARN_COMMA = YES;
				CLANG_WARN_CONSTANT_CONVERSION = YES;
				CLANG_WARN_DEPRECATED_OBJC_IMPLEMENTATIONS = YES;
				CLANG_WARN_DIRECT_OBJC_ISA_USAGE = YES_ERROR;
				CLANG_WARN_DOCUMENTATION_COMMENTS = YES;
				CLANG_WARN_EMPTY_BODY = YES;
				CLANG_WARN_ENUM_CONVERSION = YES;
				CLANG_WARN_INFINITE_RECURSION = YES;
				CLANG_WARN_INT_CONVERSION = YES;
				CLANG_WARN_NON_LITERAL_NULL_CONVERSION = YES;
				CLANG_WARN_OBJC_IMPLICIT_RETAIN_SELF = YES;
				CLANG_WARN_OBJC_LITERAL_CONVERSION = YES;
				CLANG_WARN_OBJC_ROOT_CLASS = YES_ERROR;
				CLANG_WARN_QUOTED_INCLUDE_IN_FRAMEWORK_HEADER = YES;
				CLANG_WARN_RANGE_LOOP_ANALYSIS = YES;
				CLANG_WARN_STRICT_PROTOTYPES = YES;
				CLANG_WARN_SUSPICIOUS_MOVE = YES;
				CLANG_WARN_UNGUARDED_AVAILABILITY = YES_AGGRESSIVE;
				CLANG_WARN_UNREACHABLE_CODE = YES;
				CLANG_WARN__DUPLICATE_METHOD_MATCH = YES;
				COPY_PHASE_STRIP = NO;
				DEBUG_INFORMATION_FORMAT = dwarf;
				ENABLE_STRICT_OBJC_MSGSEND = YES;
				ENABLE_TESTABILITY = YES;
				ENABLE_USER_SCRIPT_SANDBOXING = YES;
				GCC_C_LANGUAGE_STANDARD = gnu17;
				GCC_DYNAMIC_NO_PIC = NO;
				GCC_NO_COMMON_BLOCKS = YES;
				GCC_OPTIMIZATION_LEVEL = 0;
				GCC_PREPROCESSOR_DEFINITIONS = (
					"DEBUG=1",
					"$(inherited)",
				);
				GCC_WARN_64_TO_32_BIT_CONVERSION = YES;
				GCC_WARN_ABOUT_RETURN_TYPE = YES_ERROR;
				GCC_WARN_UNDECLARED_SELECTOR = YES;
				GCC_WARN_UNINITIALIZED_AUTOS = YES_AGGRESSIVE;
				GCC_WARN_UNUSED_FUNCTION = YES;
				GCC_WARN_UNUSED_VARIABLE = YES;
				IPHONEOS_DEPLOYMENT_TARGET = 18.4;
				LOCALIZATION_PREFERS_STRING_CATALOGS = YES;
				MTL_ENABLE_DEBUG_INFO = INCLUDE_SOURCE;
				MTL_FAST_MATH = YES;
				ONLY_ACTIVE_ARCH = YES;
				SDKROOT = iphoneos;
				SWIFT_ACTIVE_COMPILATION_CONDITIONS = "DEBUG $(inherited)";
				SWIFT_OPTIMIZATION_LEVEL = "-Onone";
			};
			name = Debug;
		};
		53C0791B2E52DDCF00A1B763 /* Release */ = {
			isa = XCBuildConfiguration;
			buildSettings = {
				ALWAYS_SEARCH_USER_PATHS = NO;
				ASSETCATALOG_COMPILER_GENERATE_SWIFT_ASSET_SYMBOL_EXTENSIONS = YES;
				CLANG_ANALYZER_NONNULL = YES;
				CLANG_ANALYZER_NUMBER_OBJECT_CONVERSION = YES_AGGRESSIVE;
				CLANG_CXX_LANGUAGE_STANDARD = "gnu++20";
				CLANG_ENABLE_MODULES = YES;
				CLANG_ENABLE_OBJC_ARC = YES;
				CLANG_ENABLE_OBJC_WEAK = YES;
				CLANG_WARN_BLOCK_CAPTURE_AUTORELEASING = YES;
				CLANG_WARN_BOOL_CONVERSION = YES;
				CLANG_WARN_COMMA = YES;
				CLANG_WARN_CONSTANT_CONVERSION = YES;
				CLANG_WARN_DEPRECATED_OBJC_IMPLEMENTATIONS = YES;
				CLANG_WARN_DIRECT_OBJC_ISA_USAGE = YES_ERROR;
				CLANG_WARN_DOCUMENTATION_COMMENTS = YES;
				CLANG_WARN_EMPTY_BODY = YES;
				CLANG_WARN_ENUM_CONVERSION = YES;
				CLANG_WARN_INFINITE_RECURSION = YES;
				CLANG_WARN_INT_CONVERSION = YES;
				CLANG_WARN_NON_LITERAL_NULL_CONVERSION = YES;
				CLANG_WARN_OBJC_IMPLICIT_RETAIN_SELF = YES;
				CLANG_WARN_OBJC_LITERAL_CONVERSION = YES;
				CLANG_WARN_OBJC_ROOT_CLASS = YES_ERROR;
				CLANG_WARN_QUOTED_INCLUDE_IN_FRAMEWORK_HEADER = YES;
				CLANG_WARN_RANGE_LOOP_ANALYSIS = YES;
				CLANG_WARN_STRICT_PROTOTYPES = YES;
				CLANG_WARN_SUSPICIOUS_MOVE = YES;
				CLANG_WARN_UNGUARDED_AVAILABILITY = YES_AGGRESSIVE;
				CLANG_WARN_UNREACHABLE_CODE = YES;
				CLANG_WARN__DUPLICATE_METHOD_MATCH = YES;
				COPY_PHASE_STRIP = NO;
				DEBUG_INFORMATION_FORMAT = "dwarf-with-dsym";
				ENABLE_NS_ASSERTIONS = NO;
				ENABLE_STRICT_OBJC_MSGSEND = YES;
				ENABLE_USER_SCRIPT_SANDBOXING = YES;
				GCC_C_LANGUAGE_STANDARD = gnu17;
				GCC_NO_COMMON_BLOCKS = YES;
				GCC_WARN_64_TO_32_BIT_CONVERSION = YES;
				GCC_WARN_ABOUT_RETURN_TYPE = YES_ERROR;
				GCC_WARN_UNDECLARED_SELECTOR = YES;
				GCC_WARN_UNINITIALIZED_AUTOS = YES_AGGRESSIVE;
				GCC_WARN_UNUSED_FUNCTION = YES;
				GCC_WARN_UNUSED_VARIABLE = YES;
				IPHONEOS_DEPLOYMENT_TARGET = 18.4;
				LOCALIZATION_PREFERS_STRING_CATALOGS = YES;
				MTL_ENABLE_DEBUG_INFO = NO;
				MTL_FAST_MATH = YES;
				SDKROOT = iphoneos;
				SWIFT_COMPILATION_MODE = wholemodule;
				VALIDATE_PRODUCT = YES;
			};
			name = Release;
		};
		53C0791D2E52DDCF00A1B763 /* Debug */ = {
			isa = XCBuildConfiguration;
			buildSettings = {
				ASSETCATALOG_COMPILER_APPICON_NAME = AppIcon;
				ASSETCATALOG_COMPILER_GLOBAL_ACCENT_COLOR_NAME = AccentColor;
				CODE_SIGN_STYLE = Automatic;
				CURRENT_PROJECT_VERSION = 1;
				ENABLE_PREVIEWS = YES;
				GENERATE_INFOPLIST_FILE = YES;
				INFOPLIST_KEY_NSFaceIDUsageDescription = "This app uses Face ID to securely authenticate and sign you in to your account.";
				INFOPLIST_KEY_UIApplicationSceneManifest_Generation = YES;
				INFOPLIST_KEY_UIApplicationSupportsIndirectInputEvents = YES;
				INFOPLIST_KEY_UILaunchScreen_Generation = YES;
				INFOPLIST_KEY_UISupportedInterfaceOrientations_iPad = "UIInterfaceOrientationPortrait UIInterfaceOrientationPortraitUpsideDown UIInterfaceOrientationLandscapeLeft UIInterfaceOrientationLandscapeRight";
				INFOPLIST_KEY_UISupportedInterfaceOrientations_iPhone = "UIInterfaceOrientationPortrait UIInterfaceOrientationLandscapeLeft UIInterfaceOrientationLandscapeRight";
				LD_RUNPATH_SEARCH_PATHS = (
					"$(inherited)",
					"@executable_path/Frameworks",
				);
				MARKETING_VERSION = 1.0;
				PRODUCT_BUNDLE_IDENTIFIER = IOS.quietdelightcafe;
				PRODUCT_NAME = "$(TARGET_NAME)";
				SWIFT_EMIT_LOC_STRINGS = YES;
				SWIFT_VERSION = 5.0;
				TARGETED_DEVICE_FAMILY = "1,2";
			};
			name = Debug;
		};
		53C0791E2E52DDCF00A1B763 /* Release */ = {
			isa = XCBuildConfiguration;
			buildSettings = {
				ASSETCATALOG_COMPILER_APPICON_NAME = AppIcon;
				ASSETCATALOG_COMPILER_GLOBAL_ACCENT_COLOR_NAME = AccentColor;
				CODE_SIGN_STYLE = Automatic;
				CURRENT_PROJECT_VERSION = 1;
				ENABLE_PREVIEWS = YES;
				GENERATE_INFOPLIST_FILE = YES;
				INFOPLIST_KEY_NSFaceIDUsageDescription = "This app uses Face ID to securely authenticate and sign you in to your account.";
				INFOPLIST_KEY_UIApplicationSceneManifest_Generation = YES;
				INFOPLIST_KEY_UIApplicationSupportsIndirectInputEvents = YES;
				INFOPLIST_KEY_UILaunchScreen_Generation = YES;
				INFOPLIST_KEY_UISupportedInterfaceOrientations_iPad = "UIInterfaceOrientationPortrait UIInterfaceOrientationPortraitUpsideDown UIInterfaceOrientationLandscapeLeft UIInterfaceOrientationLandscapeRight";
				INFOPLIST_KEY_UISupportedInterfaceOrientations_iPhone = "UIInterfaceOrientationPortrait UIInterfaceOrientationLandscapeLeft UIInterfaceOrientationLandscapeRight";
				LD_RUNPATH_SEARCH_PATHS = (
					"$(inherited)",
					"@executable_path/Frameworks",
				);
				MARKETING_VERSION = 1.0;
				PRODUCT_BUNDLE_IDENTIFIER = IOS.quietdelightcafe;
				PRODUCT_NAME = "$(TARGET_NAME)";
				SWIFT_EMIT_LOC_STRINGS = YES;
				SWIFT_VERSION = 5.0;
				TARGETED_DEVICE_FAMILY = "1,2";
			};
			name = Release;
		};
		53C079202E52DDCF00A1B763 /* Debug */ = {
			isa = XCBuildConfiguration;
			buildSettings = {
				BUNDLE_LOADER = "$(TEST_HOST)";
				CODE_SIGN_STYLE = Automatic;
				CURRENT_PROJECT_VERSION = 1;
				GENERATE_INFOPLIST_FILE = YES;
				IPHONEOS_DEPLOYMENT_TARGET = 18.4;
				MARKETING_VERSION = 1.0;
				PRODUCT_BUNDLE_IDENTIFIER = IOS.quietdelightcafeTests;
				PRODUCT_NAME = "$(TARGET_NAME)";
				SWIFT_EMIT_LOC_STRINGS = NO;
				SWIFT_VERSION = 5.0;
				TARGETED_DEVICE_FAMILY = "1,2";
				TEST_HOST = "$(BUILT_PRODUCTS_DIR)/quietdelight.app/$(BUNDLE_EXECUTABLE_FOLDER_PATH)/quietdelight";
			};
			name = Debug;
		};
		53C079212E52DDCF00A1B763 /* Release */ = {
			isa = XCBuildConfiguration;
			buildSettings = {
				BUNDLE_LOADER = "$(TEST_HOST)";
				CODE_SIGN_STYLE = Automatic;
				CURRENT_PROJECT_VERSION = 1;
				GENERATE_INFOPLIST_FILE = YES;
				IPHONEOS_DEPLOYMENT_TARGET = 18.4;
				MARKETING_VERSION = 1.0;
				PRODUCT_BUNDLE_IDENTIFIER = IOS.quietdelightcafeTests;
				PRODUCT_NAME = "$(TARGET_NAME)";
				SWIFT_EMIT_LOC_STRINGS = NO;
				SWIFT_VERSION = 5.0;
				TARGETED_DEVICE_FAMILY = "1,2";
				TEST_HOST = "$(BUILT_PRODUCTS_DIR)/quietdelight.app/$(BUNDLE_EXECUTABLE_FOLDER_PATH)/quietdelight";
			};
			name = Release;
		};
		53C079232E52DDCF00A1B763 /* Debug */ = {
			isa = XCBuildConfiguration;
			buildSettings = {
				CODE_SIGN_STYLE = Automatic;
				CURRENT_PROJECT_VERSION = 1;
				GENERATE_INFOPLIST_FILE = YES;
				MARKETING_VERSION = 1.0;
				PRODUCT_BUNDLE_IDENTIFIER = IOS.quietdelightcafeUITests;
				PRODUCT_NAME = "$(TARGET_NAME)";
				SWIFT_EMIT_LOC_STRINGS = NO;
				SWIFT_VERSION = 5.0;
				TARGETED_DEVICE_FAMILY = "1,2";
				TEST_TARGET_NAME = quietdelightcafe;
			};
			name = Debug;
		};
		53C079242E52DDCF00A1B763 /* Release */ = {
			isa = XCBuildConfiguration;
			buildSettings = {
				CODE_SIGN_STYLE = Automatic;
				CURRENT_PROJECT_VERSION = 1;
				GENERATE_INFOPLIST_FILE = YES;
				MARKETING_VERSION = 1.0;
				PRODUCT_BUNDLE_IDENTIFIER = IOS.quietdelightcafeUITests;
				PRODUCT_NAME = "$(TARGET_NAME)";
				SWIFT_EMIT_LOC_STRINGS = NO;
				SWIFT_VERSION = 5.0;
				TARGETED_DEVICE_FAMILY = "1,2";
				TEST_TARGET_NAME = quietdelightcafe;
			};
			name = Release;
		};
/* End XCBuildConfiguration section */

/* Begin XCConfigurationList section */
		53C078F62E52DDCE00A1B763 /* Build configuration list for PBXProject "quietdelight" */ = {
			isa = XCConfigurationList;
			buildConfigurations = (
				53C0791A2E52DDCF00A1B763 /* Debug */,
				53C0791B2E52DDCF00A1B763 /* Release */,
			);
			defaultConfigurationIsVisible = 0;
			defaultConfigurationName = Release;
		};
		53C0791C2E52DDCF00A1B763 /* Build configuration list for PBXNativeTarget "quietdelight" */ = {
			isa = XCConfigurationList;
			buildConfigurations = (
				53C0791D2E52DDCF00A1B763 /* Debug */,
				53C0791E2E52DDCF00A1B763 /* Release */,
			);
			defaultConfigurationIsVisible = 0;
			defaultConfigurationName = Release;
		};
		53C0791F2E52DDCF00A1B763 /* Build configuration list for PBXNativeTarget "quietdelightTests" */ = {
			isa = XCConfigurationList;
			buildConfigurations = (
				53C079202E52DDCF00A1B763 /* Debug */,
				53C079212E52DDCF00A1B763 /* Release */,
			);
			defaultConfigurationIsVisible = 0;
			defaultConfigurationName = Release;
		};
		53C079222E52DDCF00A1B763 /* Build configuration list for PBXNativeTarget "quietdelightUITests" */ = {
			isa = XCConfigurationList;
			buildConfigurations = (
				53C079232E52DDCF00A1B763 /* Debug */,
				53C079242E52DDCF00A1B763 /* Release */,
			);
			defaultConfigurationIsVisible = 0;
			defaultConfigurationName = Release;
		};
/* End XCConfigurationList section */

/* Begin XCRemoteSwiftPackageReference section */
		53964F362E547827005A2EC4 /* XCRemoteSwiftPackageReference "firebase-ios-sdk" */ = {
			isa = XCRemoteSwiftPackageReference;
			repositoryURL = "https://github.com/firebase/firebase-ios-sdk";
			requirement = {
				kind = upToNextMajorVersion;
				minimumVersion = 12.1.0;
			};
		};
/* End XCRemoteSwiftPackageReference section */

/* Begin XCSwiftPackageProductDependency section */
		537F97AE2E557B710059A38C /* FirebaseAuth */ = {
			isa = XCSwiftPackageProductDependency;
			package = 53964F362E547827005A2EC4 /* XCRemoteSwiftPackageReference "firebase-ios-sdk" */;
			productName = FirebaseAuth;
		};
		537F97B02E557B770059A38C /* FirebaseAnalyticsCore */ = {
			isa = XCSwiftPackageProductDependency;
			package = 53964F362E547827005A2EC4 /* XCRemoteSwiftPackageReference "firebase-ios-sdk" */;
			productName = FirebaseAnalyticsCore;
		};
		537F97B22E557B7D0059A38C /* FirebaseDatabase */ = {
			isa = XCSwiftPackageProductDependency;
			package = 53964F362E547827005A2EC4 /* XCRemoteSwiftPackageReference "firebase-ios-sdk" */;
			productName = FirebaseDatabase;
		};
		537F97B42E557B820059A38C /* FirebaseFirestore */ = {
			isa = XCSwiftPackageProductDependency;
			package = 53964F362E547827005A2EC4 /* XCRemoteSwiftPackageReference "firebase-ios-sdk" */;
			productName = FirebaseFirestore;
		};
		537F97B62E557B8E0059A38C /* FirebaseStorage */ = {
			isa = XCSwiftPackageProductDependency;
			package = 53964F362E547827005A2EC4 /* XCRemoteSwiftPackageReference "firebase-ios-sdk" */;
			productName = FirebaseStorage;
		};
		537F98452E55AB7F0059A38C /* FirebaseAnalytics */ = {
			isa = XCSwiftPackageProductDependency;
			package = 53964F362E547827005A2EC4 /* XCRemoteSwiftPackageReference "firebase-ios-sdk" */;
			productName = FirebaseAnalytics;
		};
		537F98472E55AB980059A38C /* FirebaseAI */ = {
			isa = XCSwiftPackageProductDependency;
			package = 53964F362E547827005A2EC4 /* XCRemoteSwiftPackageReference "firebase-ios-sdk" */;
			productName = FirebaseAI;
		};
		537F98492E55ABA80059A38C /* FirebaseAppCheck */ = {
			isa = XCSwiftPackageProductDependency;
			package = 53964F362E547827005A2EC4 /* XCRemoteSwiftPackageReference "firebase-ios-sdk" */;
			productName = FirebaseAppCheck;
		};
/* End XCSwiftPackageProductDependency section */

/* Begin XCVersionGroup section */
		A622AD982E62E6CA001A2798 /* CafeModel.xcdatamodeld */ = {
			isa = XCVersionGroup;
			children = (
				A622AD972E62E6CA001A2798 /* CafeModel.xcdatamodel */,
			);
			currentVersion = A622AD972E62E6CA001A2798 /* CafeModel.xcdatamodel */;
			path = CafeModel.xcdatamodeld;
			sourceTree = "<group>";
		};
/* End XCVersionGroup section */
	};
	rootObject = 53C078F32E52DDCE00A1B763 /* Project object */;
}
